
Microsoft Visual Studio Solution File, Format Version 12.00
# Visual Studio 2013
VisualStudioVersion = 12.0.31101.0
MinimumVisualStudioVersion = 10.0.40219.1
Project("{FAE04EC0-301F-11D3-BF4B-00C04F79EFBC}") = "CapNhatGioChamCong", "CapNhatGioChamCong\CapNhatGioChamCong.csproj", "{61B74C19-B9D3-49D9-B499-2F6D543215D8}"
EndProject
Project("{FAE04EC0-301F-11D3-BF4B-00C04F79EFBC}") = "StudynTestNewTech", "StudynTestNewTech\StudynTestNewTech.csproj", "{601DFEE0-DCCC-4CAF-A11E-DC6053E02584}"
EndProject
Project("{FAE04EC0-301F-11D3-BF4B-00C04F79EFBC}") = "ChamCong_v02", "ChamCong_v02\ChamCong_v02.csproj", "{9CB92038-AEA7-4CE9-99D3-AA594D63BD2A}"
EndProject
Project("{FAE04EC0-301F-11D3-BF4B-00C04F79EFBC}") = "GiuLaiCacFileCu", "GiuLaiCacFileCu\GiuLaiCacFileCu.csproj", "{1B90B1A2-FF09-4B16-97DE-EB34672A9A54}"
EndProject
Project("{FAE04EC0-301F-11D3-BF4B-00C04F79EFBC}") = "ChamCong_v03", "ChamCong_v03\ChamCong_v03.csproj", "{0D3E487B-DF90-4CF0-84A6-CBEAE9E736A4}"
EndProject
Project("{FAE04EC0-301F-11D3-BF4B-00C04F79EFBC}") = "ChamCong_v04", "ChamCong_v04\ChamCong_v04.csproj", "{497096C7-DD93-449C-8790-B2E22F0B8208}"
EndProject
Project("{FAE04EC0-301F-11D3-BF4B-00C04F79EFBC}") = "Profile", "..\..\..\Dropbox\KHCigar\learning\Read-Write XML files, Config files, INI files, or the Registry\Read Write XML files, Config files, INI files, or the Registry ProfileSource\Profile.csproj", "{F8DE8838-3350-4F1C-9B43-50DFE42DB6A8}"
EndProject
Project("{FAE04EC0-301F-11D3-BF4B-00C04F79EFBC}") = "ChamCong_v05", "ChamCong_v05\ChamCong_v05.csproj", "{2868D670-19A2-4BB5-B7A0-452DC707CAC2}"
EndProject
Project("{FAE04EC0-301F-11D3-BF4B-00C04F79EFBC}") = "ChamCong_v06", "ChamCong_v06\ChamCong_v06.csproj", "{6538044B-BF04-40E3-AE56-ADDD94E0586C}"
EndProject
Global
	GlobalSection(SolutionConfigurationPlatforms) = preSolution
		Debug|Any CPU = Debug|Any CPU
		Debug|Mixed Platforms = Debug|Mixed Platforms
		Debug|x86 = Debug|x86
		Release|Any CPU = Release|Any CPU
		Release|Mixed Platforms = Release|Mixed Platforms
		Release|x86 = Release|x86
	EndGlobalSection
	GlobalSection(ProjectConfigurationPlatforms) = postSolution
		{61B74C19-B9D3-49D9-B499-2F6D543215D8}.Debug|Any CPU.ActiveCfg = Debug|Any CPU
		{61B74C19-B9D3-49D9-B499-2F6D543215D8}.Debug|Mixed Platforms.ActiveCfg = Release|Any CPU
		{61B74C19-B9D3-49D9-B499-2F6D543215D8}.Debug|x86.ActiveCfg = Debug|Any CPU
		{61B74C19-B9D3-49D9-B499-2F6D543215D8}.Debug|x86.Build.0 = Debug|Any CPU
		{61B74C19-B9D3-49D9-B499-2F6D543215D8}.Release|Any CPU.ActiveCfg = Release|Any CPU
		{61B74C19-B9D3-49D9-B499-2F6D543215D8}.Release|Mixed Platforms.ActiveCfg = Release|Any CPU
		{61B74C19-B9D3-49D9-B499-2F6D543215D8}.Release|x86.ActiveCfg = Release|Any CPU
		{61B74C19-B9D3-49D9-B499-2F6D543215D8}.Release|x86.Build.0 = Release|Any CPU
		{601DFEE0-DCCC-4CAF-A11E-DC6053E02584}.Debug|Any CPU.ActiveCfg = Debug|Any CPU
		{601DFEE0-DCCC-4CAF-A11E-DC6053E02584}.Debug|Mixed Platforms.ActiveCfg = Debug|Any CPU
		{601DFEE0-DCCC-4CAF-A11E-DC6053E02584}.Debug|x86.ActiveCfg = Debug|Any CPU
		{601DFEE0-DCCC-4CAF-A11E-DC6053E02584}.Release|Any CPU.ActiveCfg = Debug|Any CPU
		{601DFEE0-DCCC-4CAF-A11E-DC6053E02584}.Release|Mixed Platforms.ActiveCfg = Release|Any CPU
		{601DFEE0-DCCC-4CAF-A11E-DC6053E02584}.Release|x86.ActiveCfg = Debug|Any CPU
		{601DFEE0-DCCC-4CAF-A11E-DC6053E02584}.Release|x86.Build.0 = Debug|Any CPU
		{9CB92038-AEA7-4CE9-99D3-AA594D63BD2A}.Debug|Any CPU.ActiveCfg = Debug|Any CPU
		{9CB92038-AEA7-4CE9-99D3-AA594D63BD2A}.Debug|Mixed Platforms.ActiveCfg = Debug|Any CPU
		{9CB92038-AEA7-4CE9-99D3-AA594D63BD2A}.Debug|x86.ActiveCfg = Debug|Any CPU
		{9CB92038-AEA7-4CE9-99D3-AA594D63BD2A}.Release|Any CPU.ActiveCfg = Release|Any CPU
		{9CB92038-AEA7-4CE9-99D3-AA594D63BD2A}.Release|Mixed Platforms.ActiveCfg = Release|Any CPU
		{9CB92038-AEA7-4CE9-99D3-AA594D63BD2A}.Release|x86.ActiveCfg = Release|Any CPU
		{1B90B1A2-FF09-4B16-97DE-EB34672A9A54}.Debug|Any CPU.ActiveCfg = Debug|Any CPU
		{1B90B1A2-FF09-4B16-97DE-EB34672A9A54}.Debug|Mixed Platforms.ActiveCfg = Debug|Any CPU
		{1B90B1A2-FF09-4B16-97DE-EB34672A9A54}.Debug|x86.ActiveCfg = Debug|Any CPU
		{1B90B1A2-FF09-4B16-97DE-EB34672A9A54}.Release|Any CPU.ActiveCfg = Release|Any CPU
		{1B90B1A2-FF09-4B16-97DE-EB34672A9A54}.Release|Mixed Platforms.ActiveCfg = Release|Any CPU
		{1B90B1A2-FF09-4B16-97DE-EB34672A9A54}.Release|x86.ActiveCfg = Release|Any CPU
		{0D3E487B-DF90-4CF0-84A6-CBEAE9E736A4}.Debug|Any CPU.ActiveCfg = Debug|Any CPU
		{0D3E487B-DF90-4CF0-84A6-CBEAE9E736A4}.Debug|Any CPU.Build.0 = Debug|Any CPU
		{0D3E487B-DF90-4CF0-84A6-CBEAE9E736A4}.Debug|Mixed Platforms.ActiveCfg = Debug|Any CPU
		{0D3E487B-DF90-4CF0-84A6-CBEAE9E736A4}.Debug|x86.ActiveCfg = Debug|Any CPU
		{0D3E487B-DF90-4CF0-84A6-CBEAE9E736A4}.Release|Any CPU.ActiveCfg = Debug|Any CPU
		{0D3E487B-DF90-4CF0-84A6-CBEAE9E736A4}.Release|Any CPU.Build.0 = Debug|Any CPU
		{0D3E487B-DF90-4CF0-84A6-CBEAE9E736A4}.Release|Mixed Platforms.ActiveCfg = Release|Any CPU
		{0D3E487B-DF90-4CF0-84A6-CBEAE9E736A4}.Release|Mixed Platforms.Build.0 = Release|Any CPU
		{0D3E487B-DF90-4CF0-84A6-CBEAE9E736A4}.Release|x86.ActiveCfg = Release|Any CPU
		{497096C7-DD93-449C-8790-B2E22F0B8208}.Debug|Any CPU.ActiveCfg = Debug|Any CPU
		{497096C7-DD93-449C-8790-B2E22F0B8208}.Debug|Any CPU.Build.0 = Debug|Any CPU
		{497096C7-DD93-449C-8790-B2E22F0B8208}.Debug|Mixed Platforms.ActiveCfg = Debug|Any CPU
		{497096C7-DD93-449C-8790-B2E22F0B8208}.Debug|x86.ActiveCfg = Debug|Any CPU
		{497096C7-DD93-449C-8790-B2E22F0B8208}.Release|Any CPU.ActiveCfg = Release|Any CPU
		{497096C7-DD93-449C-8790-B2E22F0B8208}.Release|Any CPU.Build.0 = Release|Any CPU
		{497096C7-DD93-449C-8790-B2E22F0B8208}.Release|Mixed Platforms.ActiveCfg = Release|Any CPU
		{497096C7-DD93-449C-8790-B2E22F0B8208}.Release|Mixed Platforms.Build.0 = Release|Any CPU
		{497096C7-DD93-449C-8790-B2E22F0B8208}.Release|x86.ActiveCfg = Release|Any CPU
		{F8DE8838-3350-4F1C-9B43-50DFE42DB6A8}.Debug|Any CPU.ActiveCfg = Debug|Any CPU
		{F8DE8838-3350-4F1C-9B43-50DFE42DB6A8}.Debug|Any CPU.Build.0 = Debug|Any CPU
		{F8DE8838-3350-4F1C-9B43-50DFE42DB6A8}.Debug|Mixed Platforms.ActiveCfg = Debug|Any CPU
		{F8DE8838-3350-4F1C-9B43-50DFE42DB6A8}.Debug|Mixed Platforms.Build.0 = Debug|Any CPU
		{F8DE8838-3350-4F1C-9B43-50DFE42DB6A8}.Debug|x86.ActiveCfg = Debug|Any CPU
		{F8DE8838-3350-4F1C-9B43-50DFE42DB6A8}.Release|Any CPU.ActiveCfg = Release|Any CPU
		{F8DE8838-3350-4F1C-9B43-50DFE42DB6A8}.Release|Any CPU.Build.0 = Release|Any CPU
		{F8DE8838-3350-4F1C-9B43-50DFE42DB6A8}.Release|Mixed Platforms.ActiveCfg = Release|Any CPU
		{F8DE8838-3350-4F1C-9B43-50DFE42DB6A8}.Release|Mixed Platforms.Build.0 = Release|Any CPU
		{F8DE8838-3350-4F1C-9B43-50DFE42DB6A8}.Release|x86.ActiveCfg = Release|Any CPU
		{2868D670-19A2-4BB5-B7A0-452DC707CAC2}.Debug|Any CPU.ActiveCfg = Debug|Any CPU
		{2868D670-19A2-4BB5-B7A0-452DC707CAC2}.Debug|Any CPU.Build.0 = Debug|Any CPU
		{2868D670-19A2-4BB5-B7A0-452DC707CAC2}.Debug|Mixed Platforms.ActiveCfg = Debug|Any CPU
		{2868D670-19A2-4BB5-B7A0-452DC707CAC2}.Debug|Mixed Platforms.Build.0 = Debug|Any CPU
		{2868D670-19A2-4BB5-B7A0-452DC707CAC2}.Debug|x86.ActiveCfg = Debug|Any CPU
		{2868D670-19A2-4BB5-B7A0-452DC707CAC2}.Release|Any CPU.ActiveCfg = Release|Any CPU
		{2868D670-19A2-4BB5-B7A0-452DC707CAC2}.Release|Any CPU.Build.0 = Release|Any CPU
		{2868D670-19A2-4BB5-B7A0-452DC707CAC2}.Release|Mixed Platforms.ActiveCfg = Release|Any CPU
		{2868D670-19A2-4BB5-B7A0-452DC707CAC2}.Release|Mixed Platforms.Build.0 = Release|Any CPU
		{2868D670-19A2-4BB5-B7A0-452DC707CAC2}.Release|x86.ActiveCfg = Release|Any CPU
		{6538044B-BF04-40E3-AE56-ADDD94E0586C}.Debug|Any CPU.ActiveCfg = Debug|Any CPU
		{6538044B-BF04-40E3-AE56-ADDD94E0586C}.Debug|Any CPU.Build.0 = Debug|Any CPU
		{6538044B-BF04-40E3-AE56-ADDD94E0586C}.Debug|Mixed Platforms.ActiveCfg = Debug|Any CPU
		{6538044B-BF04-40E3-AE56-ADDD94E0586C}.Debug|Mixed Platforms.Build.0 = Debug|Any CPU
		{6538044B-BF04-40E3-AE56-ADDD94E0586C}.Debug|x86.ActiveCfg = Debug|Any CPU
		{6538044B-BF04-40E3-AE56-ADDD94E0586C}.Release|Any CPU.ActiveCfg = Release|Any CPU
		{6538044B-BF04-40E3-AE56-ADDD94E0586C}.Release|Any CPU.Build.0 = Release|Any CPU
		{6538044B-BF04-40E3-AE56-ADDD94E0586C}.Release|Mixed Platforms.ActiveCfg = Release|Any CPU
		{6538044B-BF04-40E3-AE56-ADDD94E0586C}.Release|Mixed Platforms.Build.0 = Release|Any CPU
		{6538044B-BF04-40E3-AE56-ADDD94E0586C}.Release|x86.ActiveCfg = Release|Any CPU
	EndGlobalSection
	GlobalSection(SolutionProperties) = preSolution
		HideSolutionNode = FALSE
	EndGlobalSection
	GlobalSection(NDepend) = preSolution
		Project = ".\CapNhatGioChamCong.ndproj"
	EndGlobalSection
EndGlobal
